
Microsoft Visual Studio Solution File, Format Version 12.00
# Visual Studio Version 17
VisualStudioVersion = 17.7.34031.279
MinimumVisualStudioVersion = 10.0.40219.1
Project("{FAE04EC0-301F-11D3-BF4B-00C04F79EFBC}") = "NHOM5_WINDOWSEXPLORER", "NHOM5_WINDOWSEXPLORER\NHOM5_WINDOWSEXPLORER.csproj", "{4F9A8A26-574A-4063-97E1-C50964DADDD9}"
EndProject
Global
	GlobalSection(SolutionConfigurationPlatforms) = preSolution
		Debug|Any CPU = Debug|Any CPU
		Release|Any CPU = Release|Any CPU
	EndGlobalSection
	GlobalSection(ProjectConfigurationPlatforms) = postSolution
		{4F9A8A26-574A-4063-97E1-C50964DADDD9}.Debug|Any CPU.ActiveCfg = Debug|Any CPU
		{4F9A8A26-574A-4063-97E1-C50964DADDD9}.Debug|Any CPU.Build.0 = Debug|Any CPU
		{4F9A8A26-574A-4063-97E1-C50964DADDD9}.Release|Any CPU.ActiveCfg = Release|Any CPU
		{4F9A8A26-574A-4063-97E1-C50964DADDD9}.Release|Any CPU.Build.0 = Release|Any CPU
	EndGlobalSection
	GlobalSection(SolutionProperties) = preSolution
		HideSolutionNode = FALSE
	EndGlobalSection
	GlobalSection(ExtensibilityGlobals) = postSolution
		SolutionGuid = {CBD8056F-91CB-4F7F-92A8-8E74422DF9AD}
	EndGlobalSection
EndGlobal
